
Microsoft Visual Studio Solution File, Format Version 12.00
# Visual Studio 15
VisualStudioVersion = 15.0.26730.12
MinimumVisualStudioVersion = 10.0.40219.1
Project("{FAE04EC0-301F-11D3-BF4B-00C04F79EFBC}") = "Ksu.Cis300.Boggle", "Ksu.Cis300.Boggle\Ksu.Cis300.Boggle.csproj", "{3B97C8E5-A352-481C-9DD5-238F9BFC0174}"
EndProject
Global
	GlobalSection(SolutionConfigurationPlatforms) = preSolution
		Debug|Any CPU = Debug|Any CPU
		Release|Any CPU = Release|Any CPU
	EndGlobalSection
	GlobalSection(ProjectConfigurationPlatforms) = postSolution
		{3B97C8E5-A352-481C-9DD5-238F9BFC0174}.Debug|Any CPU.ActiveCfg = Debug|Any CPU
		{3B97C8E5-A352-481C-9DD5-238F9BFC0174}.Debug|Any CPU.Build.0 = Debug|Any CPU
		{3B97C8E5-A352-481C-9DD5-238F9BFC0174}.Release|Any CPU.ActiveCfg = Release|Any CPU
		{3B97C8E5-A352-481C-9DD5-238F9BFC0174}.Release|Any CPU.Build.0 = Release|Any CPU
	EndGlobalSection
	GlobalSection(SolutionProperties) = preSolution
		HideSolutionNode = FALSE
	EndGlobalSection
	GlobalSection(ExtensibilityGlobals) = postSolution
		SolutionGuid = {6BB07C95-F75C-429F-9D89-807845D29FEF}
	EndGlobalSection
EndGlobal
